{
  "requires": true,
  "lockfileVersion": 1,
  "dependencies": {
    "deep-freeze": {
      "version": "0.0.1",
      "resolved": "https://registry.npmjs.org/deep-freeze/-/deep-freeze-0.0.1.tgz",
      "integrity": "sha1-OgsABd4YZygZ39OM0x+RF5yJPoQ="
    },
    "immutable": {
      "version": "3.8.2",
      "resolved": "https://registry.npmjs.org/immutable/-/immutable-3.8.2.tgz",
      "integrity": "sha1-wkOZUUVbs5kT2vKBN28VMOEErfM="
    },
    "immutable-js": {
      "version": "0.3.1-6",
      "resolved": "https://registry.npmjs.org/immutable-js/-/immutable-js-0.3.1-6.tgz",
      "integrity": "sha1-QqxIBYmamv6oa9PP3+JHiuwk0QA="
    },
    "jasmine-immutable-matchers": {
      "version": "1.5.0",
      "resolved": "https://registry.npmjs.org/jasmine-immutable-matchers/-/jasmine-immutable-matchers-1.5.0.tgz",
      "integrity": "sha1-gfvB4sqH/Y+oOyMU4/E4P2s0oPY="
    },
    "transit-immutable-js": {
      "version": "0.7.0",
      "resolved": "https://registry.npmjs.org/transit-immutable-js/-/transit-immutable-js-0.7.0.tgz",
      "integrity": "sha1-mT4lCJtjEf9AIUD1VidtbSUwBdk="
    },
    "transit-js": {
      "version": "0.8.846",
      "resolved": "https://registry.npmjs.org/transit-js/-/transit-js-0.8.846.tgz",
      "integrity": "sha1-duBujw5r4nZ140QhEvXJu3U0NGQ="
    }
  }
}
